
Microsoft Visual Studio Solution File, Format Version 12.00
# Visual Studio Version 16
VisualStudioVersion = 16.0.29411.108
MinimumVisualStudioVersion = 10.0.40219.1
Project("{FAE04EC0-301F-11D3-BF4B-00C04F79EFBC}") = "Core", "Core\Core.csproj", "{F592FA6E-4BB6-4D9D-B0D8-56AB96A464E6}"
EndProject
Project("{FAE04EC0-301F-11D3-BF4B-00C04F79EFBC}") = "Graphics", "Graphics\Graphics.csproj", "{2E5B03DD-113B-47FF-B27A-6E12E0E10BB8}"
EndProject
Project("{FAE04EC0-301F-11D3-BF4B-00C04F79EFBC}") = "Minesweeper", "Minesweeper\Minesweeper.csproj", "{6C7E4234-7DF5-4D59-8E01-FC747ADF6153}"
EndProject
Global
	GlobalSection(SolutionConfigurationPlatforms) = preSolution
		Debug|Any CPU = Debug|Any CPU
		Release|Any CPU = Release|Any CPU
	EndGlobalSection
	GlobalSection(ProjectConfigurationPlatforms) = postSolution
		{F592FA6E-4BB6-4D9D-B0D8-56AB96A464E6}.Debug|Any CPU.ActiveCfg = Debug|Any CPU
		{F592FA6E-4BB6-4D9D-B0D8-56AB96A464E6}.Debug|Any CPU.Build.0 = Debug|Any CPU
		{F592FA6E-4BB6-4D9D-B0D8-56AB96A464E6}.Release|Any CPU.ActiveCfg = Release|Any CPU
		{F592FA6E-4BB6-4D9D-B0D8-56AB96A464E6}.Release|Any CPU.Build.0 = Release|Any CPU
		{2E5B03DD-113B-47FF-B27A-6E12E0E10BB8}.Debug|Any CPU.ActiveCfg = Debug|Any CPU
		{2E5B03DD-113B-47FF-B27A-6E12E0E10BB8}.Debug|Any CPU.Build.0 = Debug|Any CPU
		{2E5B03DD-113B-47FF-B27A-6E12E0E10BB8}.Release|Any CPU.ActiveCfg = Release|Any CPU
		{2E5B03DD-113B-47FF-B27A-6E12E0E10BB8}.Release|Any CPU.Build.0 = Release|Any CPU
		{6C7E4234-7DF5-4D59-8E01-FC747ADF6153}.Debug|Any CPU.ActiveCfg = Debug|Any CPU
		{6C7E4234-7DF5-4D59-8E01-FC747ADF6153}.Debug|Any CPU.Build.0 = Debug|Any CPU
		{6C7E4234-7DF5-4D59-8E01-FC747ADF6153}.Release|Any CPU.ActiveCfg = Release|Any CPU
		{6C7E4234-7DF5-4D59-8E01-FC747ADF6153}.Release|Any CPU.Build.0 = Release|Any CPU
	EndGlobalSection
	GlobalSection(SolutionProperties) = preSolution
		HideSolutionNode = FALSE
	EndGlobalSection
	GlobalSection(ExtensibilityGlobals) = postSolution
		SolutionGuid = {13ABEF11-856A-4F0D-88CB-12C49D0446FC}
	EndGlobalSection
EndGlobal
